
Microsoft Visual Studio Solution File, Format Version 12.00
# Visual Studio 15
Project("{FAE04EC0-301F-11D3-BF4B-00C04F79EFBC}") = "Assembly-CSharp", "Assembly-CSharp.csproj", "{0009267E-6FB8-F5C1-E26A-06454CF223ED}"
EndProject
Project("{FAE04EC0-301F-11D3-BF4B-00C04F79EFBC}") = "Assembly-CSharp-firstpass", "Assembly-CSharp-firstpass.csproj", "{B40A54CC-F822-BB88-FB2B-56B6A9695E3B}"
EndProject
Project("{FAE04EC0-301F-11D3-BF4B-00C04F79EFBC}") = "Assembly-CSharp-Editor", "Assembly-CSharp-Editor.csproj", "{06BF5DA3-6C74-E81A-75FA-5EA1B2A080EA}"
EndProject
Global
	GlobalSection(SolutionConfigurationPlatforms) = preSolution
		Debug|Any CPU = Debug|Any CPU
		Release|Any CPU = Release|Any CPU
	EndGlobalSection
	GlobalSection(ProjectConfigurationPlatforms) = postSolution
		{0009267E-6FB8-F5C1-E26A-06454CF223ED}.Debug|Any CPU.ActiveCfg = Debug|Any CPU
		{0009267E-6FB8-F5C1-E26A-06454CF223ED}.Debug|Any CPU.Build.0 = Debug|Any CPU
		{0009267E-6FB8-F5C1-E26A-06454CF223ED}.Release|Any CPU.ActiveCfg = Release|Any CPU
		{0009267E-6FB8-F5C1-E26A-06454CF223ED}.Release|Any CPU.Build.0 = Release|Any CPU
		{B40A54CC-F822-BB88-FB2B-56B6A9695E3B}.Debug|Any CPU.ActiveCfg = Debug|Any CPU
		{B40A54CC-F822-BB88-FB2B-56B6A9695E3B}.Debug|Any CPU.Build.0 = Debug|Any CPU
		{B40A54CC-F822-BB88-FB2B-56B6A9695E3B}.Release|Any CPU.ActiveCfg = Release|Any CPU
		{B40A54CC-F822-BB88-FB2B-56B6A9695E3B}.Release|Any CPU.Build.0 = Release|Any CPU
		{06BF5DA3-6C74-E81A-75FA-5EA1B2A080EA}.Debug|Any CPU.ActiveCfg = Debug|Any CPU
		{06BF5DA3-6C74-E81A-75FA-5EA1B2A080EA}.Debug|Any CPU.Build.0 = Debug|Any CPU
		{06BF5DA3-6C74-E81A-75FA-5EA1B2A080EA}.Release|Any CPU.ActiveCfg = Release|Any CPU
		{06BF5DA3-6C74-E81A-75FA-5EA1B2A080EA}.Release|Any CPU.Build.0 = Release|Any CPU
	EndGlobalSection
	GlobalSection(SolutionProperties) = preSolution
		HideSolutionNode = FALSE
	EndGlobalSection
EndGlobal
